
Microsoft Visual Studio Solution File, Format Version 12.00
# Visual Studio 15
VisualStudioVersion = 15.0.27703.2047
MinimumVisualStudioVersion = 10.0.40219.1
Project("{FAE04EC0-301F-11D3-BF4B-00C04F79EFBC}") = "WebApplication7", "WebApplication7\WebApplication7.csproj", "{DAE5E517-C8BF-4082-8671-BD8F4CC0B63E}"
EndProject
Global
	GlobalSection(SolutionConfigurationPlatforms) = preSolution
		Debug|Any CPU = Debug|Any CPU
		Release|Any CPU = Release|Any CPU
	EndGlobalSection
	GlobalSection(ProjectConfigurationPlatforms) = postSolution
		{DAE5E517-C8BF-4082-8671-BD8F4CC0B63E}.Debug|Any CPU.ActiveCfg = Debug|Any CPU
		{DAE5E517-C8BF-4082-8671-BD8F4CC0B63E}.Debug|Any CPU.Build.0 = Debug|Any CPU
		{DAE5E517-C8BF-4082-8671-BD8F4CC0B63E}.Release|Any CPU.ActiveCfg = Release|Any CPU
		{DAE5E517-C8BF-4082-8671-BD8F4CC0B63E}.Release|Any CPU.Build.0 = Release|Any CPU
	EndGlobalSection
	GlobalSection(SolutionProperties) = preSolution
		HideSolutionNode = FALSE
	EndGlobalSection
	GlobalSection(ExtensibilityGlobals) = postSolution
		SolutionGuid = {F98342B5-4191-4571-B2FD-28CB628FBB28}
	EndGlobalSection
EndGlobal
